{
  "version": 4,
  "terraform_version": "1.4.6",
  "serial": 20,
  "lineage": "9732d51a-aa21-1aaa-6554-e354f29478eb",
  "outputs": {},
  "resources": [
    {
      "mode": "managed",
      "type": "google_artifact_registry_repository",
      "name": "my-repo",
      "provider": "provider[\"registry.terraform.io/hashicorp/google\"]",
      "instances": [
        {
          "schema_version": 0,
          "attributes": {
            "create_time": "2023-10-20T04:26:36.171920Z",
            "description": "example docker repository",
            "docker_config": [
              {
                "immutable_tags": true
              }
            ],
            "effective_labels": {},
            "format": "DOCKER",
            "id": "projects/humble-being-293400/locations/us-central1/repositories/artifacts",
            "kms_key_name": "",
            "labels": {},
            "location": "us-central1",
            "maven_config": [],
            "mode": "STANDARD_REPOSITORY",
            "name": "artifacts",
            "project": "humble-being-293400",
            "remote_repository_config": [],
            "repository_id": "artifacts",
            "terraform_labels": {},
            "timeouts": null,
            "update_time": "2023-10-20T04:26:36.171920Z",
            "virtual_repository_config": []
          },
          "sensitive_attributes": [],
          "private": "eyJlMmJmYjczMC1lY2FhLTExZTYtOGY4OC0zNDM2M2JjN2M0YzAiOnsiY3JlYXRlIjoxMjAwMDAwMDAwMDAwLCJkZWxldGUiOjEyMDAwMDAwMDAwMDAsInVwZGF0ZSI6MTIwMDAwMDAwMDAwMH19"
        }
      ]
    },
    {
      "mode": "managed",
      "type": "google_compute_network",
      "name": "vpc",
      "provider": "provider[\"registry.terraform.io/hashicorp/google\"]",
      "instances": [
        {
          "schema_version": 0,
          "attributes": {
            "auto_create_subnetworks": false,
            "delete_default_routes_on_create": false,
            "description": "",
            "enable_ula_internal_ipv6": false,
            "gateway_ipv4": "",
            "id": "projects/humble-being-293400/global/networks/humble-being-293400-rearc-vpc",
            "internal_ipv6_range": "",
            "mtu": 0,
            "name": "humble-being-293400-rearc-vpc",
            "network_firewall_policy_enforcement_order": "AFTER_CLASSIC_FIREWALL",
            "project": "humble-being-293400",
            "routing_mode": "REGIONAL",
            "self_link": "https://www.googleapis.com/compute/v1/projects/humble-being-293400/global/networks/humble-being-293400-rearc-vpc",
            "timeouts": null
          },
          "sensitive_attributes": [],
          "private": "eyJlMmJmYjczMC1lY2FhLTExZTYtOGY4OC0zNDM2M2JjN2M0YzAiOnsiY3JlYXRlIjoxMjAwMDAwMDAwMDAwLCJkZWxldGUiOjEyMDAwMDAwMDAwMDAsInVwZGF0ZSI6MTIwMDAwMDAwMDAwMH19"
        }
      ]
    },
    {
      "mode": "managed",
      "type": "google_compute_subnetwork",
      "name": "subnet",
      "provider": "provider[\"registry.terraform.io/hashicorp/google\"]",
      "instances": [
        {
          "schema_version": 0,
          "attributes": {
            "creation_timestamp": "2023-10-19T21:26:57.338-07:00",
            "description": "",
            "external_ipv6_prefix": "",
            "fingerprint": null,
            "gateway_address": "10.50.0.1",
            "id": "projects/humble-being-293400/regions/us-central1/subnetworks/humble-being-293400-rearc-subnet",
            "internal_ipv6_prefix": "",
            "ip_cidr_range": "10.50.0.0/24",
            "ipv6_access_type": "",
            "ipv6_cidr_range": "",
            "log_config": [],
            "name": "humble-being-293400-rearc-subnet",
            "network": "https://www.googleapis.com/compute/v1/projects/humble-being-293400/global/networks/humble-being-293400-rearc-vpc",
            "private_ip_google_access": true,
            "private_ipv6_google_access": "DISABLE_GOOGLE_ACCESS",
            "project": "humble-being-293400",
            "purpose": "PRIVATE",
            "region": "us-central1",
            "role": "",
            "secondary_ip_range": [
              {
                "ip_cidr_range": "10.80.0.0/20",
                "range_name": "gke-my-rearcs-cluster-services-3fe1b14e"
              },
              {
                "ip_cidr_range": "10.76.0.0/14",
                "range_name": "gke-my-rearcs-cluster-pods-3fe1b14e"
              }
            ],
            "self_link": "https://www.googleapis.com/compute/v1/projects/humble-being-293400/regions/us-central1/subnetworks/humble-being-293400-rearc-subnet",
            "stack_type": "IPV4_ONLY",
            "timeouts": null
          },
          "sensitive_attributes": [],
          "private": "eyJlMmJmYjczMC1lY2FhLTExZTYtOGY4OC0zNDM2M2JjN2M0YzAiOnsiY3JlYXRlIjoxMjAwMDAwMDAwMDAwLCJkZWxldGUiOjEyMDAwMDAwMDAwMDAsInVwZGF0ZSI6MTIwMDAwMDAwMDAwMH19",
          "dependencies": [
            "google_compute_network.vpc"
          ]
        }
      ]
    },
    {
      "mode": "managed",
      "type": "google_container_cluster",
      "name": "my-rearcs-cluster",
      "provider": "provider[\"registry.terraform.io/hashicorp/google\"]",
      "instances": [
        {
          "schema_version": 2,
          "attributes": {
            "addons_config": [
              {
                "cloudrun_config": [],
                "config_connector_config": [],
                "dns_cache_config": [],
                "gce_persistent_disk_csi_driver_config": [
                  {
                    "enabled": true
                  }
                ],
                "gcp_filestore_csi_driver_config": [],
                "gcs_fuse_csi_driver_config": [],
                "gke_backup_agent_config": [],
                "horizontal_pod_autoscaling": [],
                "http_load_balancing": [],
                "network_policy_config": [
                  {
                    "disabled": true
                  }
                ]
              }
            ],
            "allow_net_admin": null,
            "authenticator_groups_config": [],
            "binary_authorization": [
              {
                "enabled": false,
                "evaluation_mode": ""
              }
            ],
            "cluster_autoscaling": [
              {
                "auto_provisioning_defaults": [],
                "enabled": false,
                "resource_limits": []
              }
            ],
            "cluster_ipv4_cidr": "10.76.0.0/14",
            "confidential_nodes": [],
            "cost_management_config": [],
            "database_encryption": [
              {
                "key_name": "",
                "state": "DECRYPTED"
              }
            ],
            "datapath_provider": "",
            "default_max_pods_per_node": 110,
            "default_snat_status": [
              {
                "disabled": false
              }
            ],
            "deletion_protection": false,
            "description": "",
            "dns_config": [],
            "enable_autopilot": false,
            "enable_intranode_visibility": false,
            "enable_k8s_beta_apis": [],
            "enable_kubernetes_alpha": false,
            "enable_l4_ilb_subsetting": false,
            "enable_legacy_abac": false,
            "enable_shielded_nodes": true,
            "enable_tpu": false,
            "endpoint": "34.170.189.7",
            "gateway_api_config": [],
            "id": "projects/humble-being-293400/locations/us-central1/clusters/my-rearcs-cluster",
            "initial_node_count": 1,
            "ip_allocation_policy": [
              {
                "additional_pod_ranges_config": [],
                "cluster_ipv4_cidr_block": "10.76.0.0/14",
                "cluster_secondary_range_name": "gke-my-rearcs-cluster-pods-3fe1b14e",
                "pod_cidr_overprovision_config": [
                  {
                    "disabled": false
                  }
                ],
                "services_ipv4_cidr_block": "10.80.0.0/20",
                "services_secondary_range_name": "gke-my-rearcs-cluster-services-3fe1b14e",
                "stack_type": "IPV4"
              }
            ],
            "label_fingerprint": "a9dc16a7",
            "location": "us-central1",
            "logging_config": [
              {
                "enable_components": [
                  "SYSTEM_COMPONENTS",
                  "WORKLOADS"
                ]
              }
            ],
            "logging_service": "logging.googleapis.com/kubernetes",
            "maintenance_policy": [],
            "master_auth": [
              {
                "client_certificate": "",
                "client_certificate_config": [
                  {
                    "issue_client_certificate": false
                  }
                ],
                "client_key": "",
                "cluster_ca_certificate": "LS0tLS1CRUdJTiBDRVJUSUZJQ0FURS0tLS0tCk1JSUVMRENDQXBTZ0F3SUJBZ0lRWmk5OGtCR1dkUWcwaHZuUWptRjNHREFOQmdrcWhraUc5dzBCQVFzRkFEQXYKTVMwd0t3WURWUVFERXlSa1pEVTFOVFEyWWkwMlpHWmlMVFJqT0dJdE9EZGhNQzFsTWpZMk1HUXpPRFU1TURZdwpJQmNOTWpNeE1ESXdNRE15TnpBNFdoZ1BNakExTXpFd01USXdOREkzTURoYU1DOHhMVEFyQmdOVkJBTVRKR1JrCk5UVTFORFppTFRaa1ptSXROR000WWkwNE4yRXdMV1V5TmpZd1pETTROVGt3TmpDQ0FhSXdEUVlKS29aSWh2Y04KQVFFQkJRQURnZ0dQQURDQ0FZb0NnZ0dCQU5EYTd5akpGQ3pYblFjR1ZsVVpIL2k3SHhkL2FXNHlCM1doMXQ3Zgp6UzJmaTJwTzJLblczWk1iMW1kNVh3aHU0M2dNYzVONU16a2loZU9scUtoWEovT0JQNVVObmwxalliZTJ3bXo4ClRJMXRsSG1oUWR3cHllaW1wdDd2a1dhYWE2c0RBVE1VaGxYVjBVZUNDQzdLdEoyZXhhTnZSckJBYkdFT1BzMGgKdFNhNG05eC8xMURhRVJMWWR0dFl4bzNOZzVLRVp6QXc1dERFQTJldzhpOU9vNXF0MUlvdzJQUHJ5Tnl2NmgxZAprOXFNNFpZc2oyUnAvSUY2bVBlTVhvYVNLd0lhM1BkNXU0TVdMaldJbHZib3dYQnUybWIwVXJQV21Qa3BaWnBrCmcrR3FGcjlkZWhSZTNmOGZlUWVkUEtQOTFQZzI4R09HQXp0Q1pDMDFSY3VNQUJVemdwYVphTHp3T01UbTYwMC8KMzVNV2NtaXd4bXN5ZlpEMHM5WUZDQWo1ZFF2TFlrWmxDWmRJZHhhMmdGT3J6Q2VLZXRrZHIvcWhrbEJnWmdDWQp6V0hEYlJiSmdLL213WUxQQ3pYZGl6aERUSkR0SW1HVVBpaGhGRkR2U1RBdUFrREQrMm9VVHd5OXdrNUpKRGlECkRsaEpSa0dGUUJ1YUlzdk5hZEF3ODhzR1F3SURBUUFCbzBJd1FEQU9CZ05WSFE4QkFmOEVCQU1DQWdRd0R3WUQKVlIwVEFRSC9CQVV3QXdFQi96QWRCZ05WSFE0RUZnUVUvUWZ4MUtNYmI0NHRic2hGZHU3NHhTRkd5a1l3RFFZSgpLb1pJaHZjTkFRRUxCUUFEZ2dHQkFEWFZVdm9jM3NlY3dvUDBxUE5ndEF5ZVpibUxEZUFnOUpSUVUwdlFnWDd0CkFITEkvdFVzTmNlMjJmQ2VuajI0ZGZhbnZqOGsyTDlka0JueTRDeFQydllETHVhWldPR3RXRUh1b3FjZVNNV2MKUXR1SlNGc2NvZkhJQmZHMUlLMnJUdXR2cE9hd0hMNmowZ1hjQURlUkFhL012WGxRWVVnMkEzTDQwY2RNc0tmNApCTEpSUTJJaWhtaDhuVjdJTTJSbkJMRzBRMGNnN3dPa3ZVdldHYjdHVVM1YlNhMWNMRklmeWhhNTdtLzdvMWppCkNHQVdQWDhNajBHaWtYajZZTTNuZFpzSm01TkJPSjZySG1zMkNOMDVaNGlYNjVhUWZsdlE1eGxkNWVJRHhjUXcKR1FXeGtOMVprL3BjNzl4RHI4U2JRb281QWlERUtRY2kwR210MGZ2TDRoNUlDY3lpbkhuYjBhNGpieUtQcE8xRQpqQm90ckUyRzV6ZXVtWlZUdnlYZTU1dFRIRzl1dDZzdkp5OFQ5Tys1ZndmczFqL0VGcHFXTkR6Y3orMkNlNUw4CnFrY0pJNlY5QnRXdE1QU01pQ2d3M0srWkx4bTVaYkpiYzZEK1lFZjU4WHJhTGdtWWRVSDVvL0RyNEQrWUVrQ3QKd3ZUL1lNOUswSE5LcUg2WVBkT0l2Zz09Ci0tLS0tRU5EIENFUlRJRklDQVRFLS0tLS0K"
              }
            ],
            "master_authorized_networks_config": [],
            "master_version": "1.27.3-gke.100",
            "mesh_certificates": [],
            "min_master_version": null,
            "monitoring_config": [
              {
                "advanced_datapath_observability_config": [
                  {
                    "enable_metrics": false,
                    "relay_mode": "DISABLED"
                  }
                ],
                "enable_components": [
                  "SYSTEM_COMPONENTS"
                ],
                "managed_prometheus": [
                  {
                    "enabled": true
                  }
                ]
              }
            ],
            "monitoring_service": "monitoring.googleapis.com/kubernetes",
            "name": "my-rearcs-cluster",
            "network": "projects/humble-being-293400/global/networks/humble-being-293400-rearc-vpc",
            "network_policy": [
              {
                "enabled": false,
                "provider": "PROVIDER_UNSPECIFIED"
              }
            ],
            "networking_mode": "VPC_NATIVE",
            "node_config": [
              {
                "advanced_machine_features": [],
                "boot_disk_kms_key": "",
                "confidential_nodes": [],
                "disk_size_gb": 100,
                "disk_type": "pd-balanced",
                "effective_taints": [],
                "ephemeral_storage_local_ssd_config": [],
                "fast_socket": [],
                "gcfs_config": [],
                "guest_accelerator": [],
                "gvnic": [],
                "host_maintenance_policy": [],
                "image_type": "COS_CONTAINERD",
                "kubelet_config": [],
                "labels": {
                  "env": "humble-being-293400"
                },
                "linux_node_config": [],
                "local_nvme_ssd_block_config": [],
                "local_ssd_count": 0,
                "logging_variant": "DEFAULT",
                "machine_type": "e2-medium",
                "metadata": {
                  "disable-legacy-endpoints": "true"
                },
                "min_cpu_platform": "",
                "node_group": "",
                "oauth_scopes": [
                  "https://www.googleapis.com/auth/cloud-platform",
                  "https://www.googleapis.com/auth/devstorage.read_only",
                  "https://www.googleapis.com/auth/logging.write",
                  "https://www.googleapis.com/auth/monitoring"
                ],
                "preemptible": false,
                "reservation_affinity": [],
                "resource_labels": {},
                "service_account": "default",
                "shielded_instance_config": [
                  {
                    "enable_integrity_monitoring": true,
                    "enable_secure_boot": false
                  }
                ],
                "sole_tenant_config": [],
                "spot": false,
                "tags": [],
                "taint": [],
                "workload_metadata_config": []
              }
            ],
            "node_locations": [
              "us-central1-a",
              "us-central1-b",
              "us-central1-f"
            ],
            "node_pool": [
              {
                "autoscaling": [],
                "initial_node_count": 1,
                "instance_group_urls": [
                  "https://www.googleapis.com/compute/v1/projects/humble-being-293400/zones/us-central1-b/instanceGroupManagers/gke-my-rearcs-cluste-my-node-rearc-po-68693806-grp",
                  "https://www.googleapis.com/compute/v1/projects/humble-being-293400/zones/us-central1-a/instanceGroupManagers/gke-my-rearcs-cluste-my-node-rearc-po-0379f408-grp",
                  "https://www.googleapis.com/compute/v1/projects/humble-being-293400/zones/us-central1-f/instanceGroupManagers/gke-my-rearcs-cluste-my-node-rearc-po-b9735a11-grp"
                ],
                "managed_instance_group_urls": [
                  "https://www.googleapis.com/compute/v1/projects/humble-being-293400/zones/us-central1-b/instanceGroups/gke-my-rearcs-cluste-my-node-rearc-po-68693806-grp",
                  "https://www.googleapis.com/compute/v1/projects/humble-being-293400/zones/us-central1-a/instanceGroups/gke-my-rearcs-cluste-my-node-rearc-po-0379f408-grp",
                  "https://www.googleapis.com/compute/v1/projects/humble-being-293400/zones/us-central1-f/instanceGroups/gke-my-rearcs-cluste-my-node-rearc-po-b9735a11-grp"
                ],
                "management": [
                  {
                    "auto_repair": true,
                    "auto_upgrade": true
                  }
                ],
                "max_pods_per_node": 110,
                "name": "my-node-rearc-pool",
                "name_prefix": "",
                "network_config": [
                  {
                    "create_pod_range": false,
                    "enable_private_nodes": false,
                    "pod_cidr_overprovision_config": [],
                    "pod_ipv4_cidr_block": "10.76.0.0/14",
                    "pod_range": "gke-my-rearcs-cluster-pods-3fe1b14e"
                  }
                ],
                "node_config": [
                  {
                    "advanced_machine_features": [],
                    "boot_disk_kms_key": "",
                    "confidential_nodes": [],
                    "disk_size_gb": 100,
                    "disk_type": "pd-balanced",
                    "effective_taints": [],
                    "ephemeral_storage_local_ssd_config": [],
                    "fast_socket": [],
                    "gcfs_config": [],
                    "guest_accelerator": [],
                    "gvnic": [],
                    "host_maintenance_policy": [],
                    "image_type": "COS_CONTAINERD",
                    "kubelet_config": [],
                    "labels": {
                      "env": "humble-being-293400"
                    },
                    "linux_node_config": [],
                    "local_nvme_ssd_block_config": [],
                    "local_ssd_count": 0,
                    "logging_variant": "DEFAULT",
                    "machine_type": "e2-medium",
                    "metadata": {
                      "disable-legacy-endpoints": "true"
                    },
                    "min_cpu_platform": "",
                    "node_group": "",
                    "oauth_scopes": [
                      "https://www.googleapis.com/auth/cloud-platform",
                      "https://www.googleapis.com/auth/devstorage.read_only",
                      "https://www.googleapis.com/auth/logging.write",
                      "https://www.googleapis.com/auth/monitoring"
                    ],
                    "preemptible": false,
                    "reservation_affinity": [],
                    "resource_labels": {},
                    "service_account": "default",
                    "shielded_instance_config": [
                      {
                        "enable_integrity_monitoring": true,
                        "enable_secure_boot": false
                      }
                    ],
                    "sole_tenant_config": [],
                    "spot": false,
                    "tags": [],
                    "taint": [],
                    "workload_metadata_config": []
                  }
                ],
                "node_count": 1,
                "node_locations": [
                  "us-central1-a",
                  "us-central1-b",
                  "us-central1-f"
                ],
                "placement_policy": [],
                "upgrade_settings": [
                  {
                    "blue_green_settings": [],
                    "max_surge": 1,
                    "max_unavailable": 0,
                    "strategy": "SURGE"
                  }
                ],
                "version": "1.27.3-gke.100"
              }
            ],
            "node_pool_auto_config": [],
            "node_pool_defaults": [
              {
                "node_config_defaults": [
                  {
                    "logging_variant": "DEFAULT"
                  }
                ]
              }
            ],
            "node_version": "1.27.3-gke.100",
            "notification_config": [
              {
                "pubsub": [
                  {
                    "enabled": false,
                    "filter": [],
                    "topic": ""
                  }
                ]
              }
            ],
            "operation": null,
            "private_cluster_config": [
              {
                "enable_private_endpoint": false,
                "enable_private_nodes": false,
                "master_global_access_config": [
                  {
                    "enabled": false
                  }
                ],
                "master_ipv4_cidr_block": "",
                "peering_name": "",
                "private_endpoint": "10.50.0.2",
                "private_endpoint_subnetwork": "",
                "public_endpoint": "34.170.189.7"
              }
            ],
            "private_ipv6_google_access": "",
            "project": "humble-being-293400",
            "release_channel": [
              {
                "channel": "REGULAR"
              }
            ],
            "remove_default_node_pool": true,
            "resource_labels": {},
            "resource_usage_export_config": [],
            "security_posture_config": [
              {
                "mode": "BASIC",
                "vulnerability_mode": "VULNERABILITY_MODE_UNSPECIFIED"
              }
            ],
            "self_link": "https://container.googleapis.com/v1/projects/humble-being-293400/locations/us-central1/clusters/my-rearcs-cluster",
            "service_external_ips_config": [
              {
                "enabled": false
              }
            ],
            "services_ipv4_cidr": "10.80.0.0/20",
            "subnetwork": "projects/humble-being-293400/regions/us-central1/subnetworks/humble-being-293400-rearc-subnet",
            "timeouts": null,
            "tpu_ipv4_cidr_block": "",
            "vertical_pod_autoscaling": [],
            "workload_identity_config": []
          },
          "sensitive_attributes": [],
          "private": "eyJlMmJmYjczMC1lY2FhLTExZTYtOGY4OC0zNDM2M2JjN2M0YzAiOnsiY3JlYXRlIjoyNDAwMDAwMDAwMDAwLCJkZWxldGUiOjI0MDAwMDAwMDAwMDAsInJlYWQiOjI0MDAwMDAwMDAwMDAsInVwZGF0ZSI6MzYwMDAwMDAwMDAwMH0sInNjaGVtYV92ZXJzaW9uIjoiMiJ9",
          "dependencies": [
            "google_compute_network.vpc",
            "google_compute_subnetwork.subnet"
          ]
        }
      ]
    },
    {
      "mode": "managed",
      "type": "google_container_node_pool",
      "name": "my-node-rearc-pool",
      "provider": "provider[\"registry.terraform.io/hashicorp/google\"]",
      "instances": [
        {
          "schema_version": 1,
          "attributes": {
            "autoscaling": [],
            "cluster": "my-rearcs-cluster",
            "id": "projects/humble-being-293400/locations/us-central1/clusters/my-rearcs-cluster/nodePools/my-node-rearc-pool",
            "initial_node_count": 1,
            "instance_group_urls": [
              "https://www.googleapis.com/compute/v1/projects/humble-being-293400/zones/us-central1-b/instanceGroupManagers/gke-my-rearcs-cluste-my-node-rearc-po-68693806-grp",
              "https://www.googleapis.com/compute/v1/projects/humble-being-293400/zones/us-central1-a/instanceGroupManagers/gke-my-rearcs-cluste-my-node-rearc-po-0379f408-grp",
              "https://www.googleapis.com/compute/v1/projects/humble-being-293400/zones/us-central1-f/instanceGroupManagers/gke-my-rearcs-cluste-my-node-rearc-po-b9735a11-grp"
            ],
            "location": "us-central1",
            "managed_instance_group_urls": [
              "https://www.googleapis.com/compute/v1/projects/humble-being-293400/zones/us-central1-b/instanceGroups/gke-my-rearcs-cluste-my-node-rearc-po-68693806-grp",
              "https://www.googleapis.com/compute/v1/projects/humble-being-293400/zones/us-central1-a/instanceGroups/gke-my-rearcs-cluste-my-node-rearc-po-0379f408-grp",
              "https://www.googleapis.com/compute/v1/projects/humble-being-293400/zones/us-central1-f/instanceGroups/gke-my-rearcs-cluste-my-node-rearc-po-b9735a11-grp"
            ],
            "management": [
              {
                "auto_repair": true,
                "auto_upgrade": true
              }
            ],
            "max_pods_per_node": 110,
            "name": "my-node-rearc-pool",
            "name_prefix": "",
            "network_config": [
              {
                "create_pod_range": false,
                "enable_private_nodes": false,
                "pod_cidr_overprovision_config": [],
                "pod_ipv4_cidr_block": "10.76.0.0/14",
                "pod_range": "gke-my-rearcs-cluster-pods-3fe1b14e"
              }
            ],
            "node_config": [
              {
                "advanced_machine_features": [],
                "boot_disk_kms_key": "",
                "confidential_nodes": [],
                "disk_size_gb": 100,
                "disk_type": "pd-balanced",
                "effective_taints": [],
                "ephemeral_storage_local_ssd_config": [],
                "fast_socket": [],
                "gcfs_config": [],
                "guest_accelerator": [],
                "gvnic": [],
                "host_maintenance_policy": [],
                "image_type": "COS_CONTAINERD",
                "kubelet_config": [],
                "labels": {
                  "env": "humble-being-293400"
                },
                "linux_node_config": [],
                "local_nvme_ssd_block_config": [],
                "local_ssd_count": 0,
                "logging_variant": "DEFAULT",
                "machine_type": "e2-medium",
                "metadata": {
                  "disable-legacy-endpoints": "true"
                },
                "min_cpu_platform": "",
                "node_group": "",
                "oauth_scopes": [
                  "https://www.googleapis.com/auth/cloud-platform",
                  "https://www.googleapis.com/auth/devstorage.read_only",
                  "https://www.googleapis.com/auth/logging.write",
                  "https://www.googleapis.com/auth/monitoring"
                ],
                "preemptible": false,
                "reservation_affinity": [],
                "resource_labels": {},
                "service_account": "default",
                "shielded_instance_config": [
                  {
                    "enable_integrity_monitoring": true,
                    "enable_secure_boot": false
                  }
                ],
                "sole_tenant_config": [],
                "spot": false,
                "tags": [],
                "taint": [],
                "workload_metadata_config": []
              }
            ],
            "node_count": 1,
            "node_locations": [
              "us-central1-a",
              "us-central1-b",
              "us-central1-f"
            ],
            "operation": null,
            "placement_policy": [],
            "project": "humble-being-293400",
            "timeouts": null,
            "upgrade_settings": [
              {
                "blue_green_settings": [],
                "max_surge": 1,
                "max_unavailable": 0,
                "strategy": "SURGE"
              }
            ],
            "version": "1.27.3-gke.100"
          },
          "sensitive_attributes": [],
          "private": "eyJlMmJmYjczMC1lY2FhLTExZTYtOGY4OC0zNDM2M2JjN2M0YzAiOnsiY3JlYXRlIjoxODAwMDAwMDAwMDAwLCJkZWxldGUiOjE4MDAwMDAwMDAwMDAsInVwZGF0ZSI6MTgwMDAwMDAwMDAwMH0sInNjaGVtYV92ZXJzaW9uIjoiMSJ9",
          "dependencies": [
            "google_compute_network.vpc",
            "google_compute_subnetwork.subnet",
            "google_container_cluster.my-rearcs-cluster"
          ]
        }
      ]
    },
    {
      "mode": "managed",
      "type": "google_privateca_ca_pool",
      "name": "default",
      "provider": "provider[\"registry.terraform.io/hashicorp/google\"]",
      "instances": [
        {
          "schema_version": 0,
          "attributes": {
            "effective_labels": {
              "foo": "bar"
            },
            "id": "projects/humble-being-293400/locations/us-central1/caPools/my-ca-b-pool",
            "issuance_policy": [
              {
                "allowed_issuance_modes": [],
                "allowed_key_types": [],
                "baseline_values": [
                  {
                    "additional_extensions": [],
                    "aia_ocsp_servers": [],
                    "ca_options": [
                      {
                        "is_ca": false,
                        "max_issuer_path_length": 0,
                        "non_ca": false,
                        "zero_max_issuer_path_length": false
                      }
                    ],
                    "key_usage": [
                      {
                        "base_key_usage": [
                          {
                            "cert_sign": false,
                            "content_commitment": false,
                            "crl_sign": false,
                            "data_encipherment": false,
                            "decipher_only": false,
                            "digital_signature": true,
                            "encipher_only": false,
                            "key_agreement": false,
                            "key_encipherment": true
                          }
                        ],
                        "extended_key_usage": [
                          {
                            "client_auth": false,
                            "code_signing": false,
                            "email_protection": false,
                            "ocsp_signing": false,
                            "server_auth": true,
                            "time_stamping": false
                          }
                        ],
                        "unknown_extended_key_usages": []
                      }
                    ],
                    "name_constraints": [],
                    "policy_ids": []
                  }
                ],
                "identity_constraints": [],
                "maximum_lifetime": ""
              }
            ],
            "labels": {
              "foo": "bar"
            },
            "location": "us-central1",
            "name": "my-ca-b-pool",
            "project": "humble-being-293400",
            "publishing_options": [
              {
                "encoding_format": "",
                "publish_ca_cert": true,
                "publish_crl": true
              }
            ],
            "terraform_labels": {
              "foo": "bar"
            },
            "tier": "ENTERPRISE",
            "timeouts": null
          },
          "sensitive_attributes": [],
          "private": "eyJlMmJmYjczMC1lY2FhLTExZTYtOGY4OC0zNDM2M2JjN2M0YzAiOnsiY3JlYXRlIjoxMjAwMDAwMDAwMDAwLCJkZWxldGUiOjEyMDAwMDAwMDAwMDAsInVwZGF0ZSI6MTIwMDAwMDAwMDAwMH19"
        }
      ]
    },
    {
      "mode": "managed",
      "type": "google_privateca_certificate",
      "name": "default",
      "provider": "provider[\"registry.terraform.io/hashicorp/google\"]",
      "instances": [
        {
          "schema_version": 0,
          "attributes": {
            "certificate_authority": "my-authority",
            "certificate_description": [
              {
                "aia_issuing_certificate_urls": [
                  "http://privateca-content-65301b79-0000-21c0-87a4-2405887aa808.storage.googleapis.com/c5bd0a7f5d3899b35dd4/ca.crt"
                ],
                "authority_key_id": [
                  {
                    "key_id": "07468ffdae4594414cc560a206d5c1d7b194b946"
                  }
                ],
                "cert_fingerprint": [
                  {
                    "sha256_hash": "f58973baf515639ae20beb1d936cd1c390490876897e85abc528478aa19bec8f"
                  }
                ],
                "crl_distribution_points": [
                  "http://privateca-content-65301b79-0000-21c0-87a4-2405887aa808.storage.googleapis.com/c5bd0a7f5d3899b35dd4/crl.crl"
                ],
                "public_key": [
                  {
                    "format": "",
                    "key": "LS0tLS1CRUdJTiBQVUJMSUMgS0VZLS0tLS0KTUlJQklqQU5CZ2txaGtpRzl3MEJBUUVGQUFPQ0FROEFNSUlCQ2dLQ0FRRUFxbFFnLzNQYWVxc0tNMVNCUm1zVApEQy9jZkpYeUpENmkyTVdFNWF5dXNWK1JaTUlWVW9OYnByZ2huK0owQWtCUTQ4Sm5KYjBhR0VmQzIwUUQvcWdUCnBiRGIvMDV6a0RDcTVZOGNndGlRUHVxSTdsRnMzSkdMNWRxdUNMZUV3NDVCUUJ4Q0cyVDZBcXd2QlgrY0lWTGwKN3ZHYW1YQzlSQTdoY1VCRmw3bG9KY1BNZlRsU3IzdzcwbHk0OUZ6elRQbWRuZ2w1dzU3ZkVuOUg1N2JjaXcxdApwNkI3bi9pMW91ODlidVBIL3NGY3VtbUlxUFVnTkZzTm81T1VNYUZXTTFzb1RrT1pnKzV1eVhHM0ZxTEw3OUsyCjlnV0hFRE1VOVU1WlFldTJmby9laW03Qk9weGVMSEgxMzFHb0tPYlBlQXorZlpxdUR0UENUb3EzQU80TG9KVEIKaVFJREFRQUIKLS0tLS1FTkQgUFVCTElDIEtFWS0tLS0tCg=="
                  }
                ],
                "subject_description": [
                  {
                    "hex_serial_number": "397ca8fac5c863b84e0dc5d548965295993651",
                    "lifetime": "860s",
                    "not_after_time": "2023-10-20T04:41:06Z",
                    "not_before_time": "2023-10-20T04:26:47Z",
                    "subject": [
                      {
                        "common_name": "abishaiep.io",
                        "country_code": "",
                        "locality": "",
                        "organization": "ACME Examples, Inc",
                        "organizational_unit": "",
                        "postal_code": "",
                        "province": "",
                        "street_address": ""
                      }
                    ],
                    "subject_alt_name": []
                  }
                ],
                "subject_key_id": [
                  {
                    "key_id": "69ee92aab323ce99d94fbcfcb765e8cfe2d52e81"
                  }
                ],
                "x509_description": [
                  {
                    "additional_extensions": [],
                    "aia_ocsp_servers": [],
                    "ca_options": [
                      {
                        "is_ca": false,
                        "max_issuer_path_length": 0
                      }
                    ],
                    "key_usage": [
                      {
                        "base_key_usage": [
                          {
                            "cert_sign": false,
                            "content_commitment": false,
                            "crl_sign": false,
                            "data_encipherment": false,
                            "decipher_only": false,
                            "digital_signature": true,
                            "encipher_only": false,
                            "key_agreement": false,
                            "key_encipherment": true
                          }
                        ],
                        "extended_key_usage": [
                          {
                            "client_auth": false,
                            "code_signing": false,
                            "email_protection": false,
                            "ocsp_signing": false,
                            "server_auth": true,
                            "time_stamping": false
                          }
                        ],
                        "unknown_extended_key_usages": []
                      }
                    ],
                    "name_constraints": [],
                    "policy_ids": []
                  }
                ]
              }
            ],
            "certificate_template": "",
            "config": [],
            "create_time": "2023-10-20T04:26:47.965220460Z",
            "effective_labels": {},
            "id": "projects/humble-being-293400/locations/us-central1/caPools/my-ca-b-pool/certificates/my-certificate",
            "issuer_certificate_authority": "projects/867934707209/locations/us-central1/caPools/my-ca-b-pool/certificateAuthorities/my-authority",
            "labels": {},
            "lifetime": "860s",
            "location": "us-central1",
            "name": "my-certificate",
            "pem_certificate": "-----BEGIN CERTIFICATE-----\nMIIGDDCCA/SgAwIBAgITOXyo+sXIY7hODcXVSJZSlZk2UTANBgkqhkiG9w0BAQsF\nADCBvDELMAkGA1UEBhMCdXMxEzARBgNVBAgTCmNhbGlmb3JuaWExFjAUBgNVBAcT\nDW1vdW50YWluIHZpZXcxIjAgBgNVBAkTGTE2MDAgYW1waGl0aGVhdHJlIHBhcmt3\nYXkxDjAMBgNVBBETBTk0MTA5MQ4wDAYDVQQKEwVyZWFyYzETMBEGA1UECxMKZW50\nZXJwcmlzZTEnMCUGA1UEAxMebXktY2VydGlmaWNhdGUtcmVhcmMtYXV0aG9yaXR5\nMB4XDTIzMTAyMDA0MjY0N1oXDTIzMTAyMDA0NDEwNlowNDEbMBkGA1UEChMSQUNN\nRSBFeGFtcGxlcywgSW5jMRUwEwYDVQQDEwxhYmlzaGFpZXAuaW8wggEiMA0GCSqG\nSIb3DQEBAQUAA4IBDwAwggEKAoIBAQCqVCD/c9p6qwozVIFGaxMML9x8lfIkPqLY\nxYTlrK6xX5FkwhVSg1umuCGf4nQCQFDjwmclvRoYR8LbRAP+qBOlsNv/TnOQMKrl\njxyC2JA+6ojuUWzckYvl2q4It4TDjkFAHEIbZPoCrC8Ff5whUuXu8ZqZcL1EDuFx\nQEWXuWglw8x9OVKvfDvSXLj0XPNM+Z2eCXnDnt8Sf0fnttyLDW2noHuf+LWi7z1u\n48f+wVy6aYio9SA0Ww2jk5QxoVYzWyhOQ5mD7m7JcbcWosvv0rb2BYcQMxT1TllB\n67Z+j96KbsE6nF4scfXfUago5s94DP59mq4O08JOircA7guglMGJAgMBAAGjggGM\nMIIBiDAOBgNVHQ8BAf8EBAMCBaAwEwYDVR0lBAwwCgYIKwYBBQUHAwEwDAYDVR0T\nAQH/BAIwADAdBgNVHQ4EFgQUae6SqrMjzpnZT7z8t2Xoz+LVLoEwHwYDVR0jBBgw\nFoAUB0aP/a5FlEFMxWCiBtXB17GUuUYwgY0GCCsGAQUFBwEBBIGAMH4wfAYIKwYB\nBQUHMAKGcGh0dHA6Ly9wcml2YXRlY2EtY29udGVudC02NTMwMWI3OS0wMDAwLTIx\nYzAtODdhNC0yNDA1ODg3YWE4MDguc3RvcmFnZS5nb29nbGVhcGlzLmNvbS9jNWJk\nMGE3ZjVkMzg5OWIzNWRkNC9jYS5jcnQwgYIGA1UdHwR7MHkwd6B1oHOGcWh0dHA6\nLy9wcml2YXRlY2EtY29udGVudC02NTMwMWI3OS0wMDAwLTIxYzAtODdhNC0yNDA1\nODg3YWE4MDguc3RvcmFnZS5nb29nbGVhcGlzLmNvbS9jNWJkMGE3ZjVkMzg5OWIz\nNWRkNC9jcmwuY3JsMA0GCSqGSIb3DQEBCwUAA4ICAQB5WYK1spnlwDgHfeWKq61L\nAY98q3sJtUr1gs74be1RkCg5E8/aDIWbvjY5yKr0V/DTZ0Ju5ClvpT2Lq5jlt+uO\no6TELE1xWvVGEqa6rnNbGpFtQIZZJDL7G9/VI1YOX3GIWTwhA7fUGlG6DqoQyQ8V\nLL3quiQE7Z0bHUS8w7hn//qPnDHvZ6OycyLgiFHYS0AdT+zRwWvlkRbLxdv0PPav\nHBqzmeV2/9rcgaiDbAd72fa1U6JImFMtLD3ASeVk8H9NPnTLj4kbfY1XOY+i0mW4\n0hAAR9y/pt/GCIQh+gh2E1yiLTgXlKrUBeeKdrpwS7FYDhSRlf7My4u9DXDo8YQo\nUuUufcA/m5gbUt3WnvK5wBV0jJ1LoEWhTvxsCydt+5nzOE46bD6zqSFZbonB3ZuR\nuAWVplLlSEfJ+VhQ/VTPPlbjKCYGQWOAgBCKzIq8zGuBjDg/Ia54yerLDY7veatH\nw4IbZwYpzhCtIQr7SSgyaa8BKkHc8y7nmCwUfbyOar5G45Xud1T5uBuDoiN/mIr0\npheSfsW6stVLR11EXDMCvEoWfWtJdLtPsexcIpRsmf4PouqAelIE3EFb3SQdfbSy\nLBHz7bwNxY5H5eQyMm/wOhR0jdQ+rgQR6ryVEbcLHJFEaLsIvDpmLu6INvOyctxD\nTfHszJETofdzefWOPYqGFQ==\n-----END CERTIFICATE-----\n",
            "pem_certificate_chain": [
              "-----BEGIN CERTIFICATE-----\nMIIGfzCCBGegAwIBAgITWgXaXCRYtJbZbclNOcV6vZ97cjANBgkqhkiG9w0BAQsF\nADCBvDELMAkGA1UEBhMCdXMxEzARBgNVBAgTCmNhbGlmb3JuaWExFjAUBgNVBAcT\nDW1vdW50YWluIHZpZXcxIjAgBgNVBAkTGTE2MDAgYW1waGl0aGVhdHJlIHBhcmt3\nYXkxDjAMBgNVBBETBTk0MTA5MQ4wDAYDVQQKEwVyZWFyYzETMBEGA1UECxMKZW50\nZXJwcmlzZTEnMCUGA1UEAxMebXktY2VydGlmaWNhdGUtcmVhcmMtYXV0aG9yaXR5\nMB4XDTIzMTAyMDA0MjYzNloXDTMzMTAxNzA0MjYzNVowgbwxCzAJBgNVBAYTAnVz\nMRMwEQYDVQQIEwpjYWxpZm9ybmlhMRYwFAYDVQQHEw1tb3VudGFpbiB2aWV3MSIw\nIAYDVQQJExkxNjAwIGFtcGhpdGhlYXRyZSBwYXJrd2F5MQ4wDAYDVQQREwU5NDEw\nOTEOMAwGA1UEChMFcmVhcmMxEzARBgNVBAsTCmVudGVycHJpc2UxJzAlBgNVBAMT\nHm15LWNlcnRpZmljYXRlLXJlYXJjLWF1dGhvcml0eTCCAiIwDQYJKoZIhvcNAQEB\nBQADggIPADCCAgoCggIBAKpQ9v5u9WevuXEUz+8rRmWVgaOW0E3z6x1VXSLfvsGx\nC4hydhFX/CPD0XATzj4yq6KAQrkNIIcRqTq46e14MUhHFD/Nb/71Xbzl9wsnEvbj\nH9tipimaeZiRvdy5d+4FFuMcmjWd02w93hZijIAoFacm76WH2qo0PtkCjHxmnw/T\n/aHubKNL2CnmIT3MWz9bAnULNU75i5tG3ySDKkM1a44o6yAMUgxLCx8zDwjqr9pK\nUKa+0hYnlfU7PJbfOfxJLnIaQ7pX/OvfKpKj/tu8E5LIH/AgBTAWxg1FchM2wZKB\n7Hy41YZ6ADqfIUQFURN8tCfZYYn8Azezayzr5sKXw/6r+F/8Ne8s5eTmlzX/5l6E\nYbGJavXNp5VhPXYeyr3pI3Cb1K0sjfdgvms2DUssvmAwBHZIeYUF6A2xuNz/SSxi\nLvR8K5Wm8NIlniRzzlABZ5UQ1eBS7Ec4uCv/9Fr/MAa2VVH6YnFVhfasOJz+oShw\nqnQ426O+gzwBXg2LER9nOsC/v0OrEvOoGuJeYUNDii5pQ3aeO1i0yopPs4QBWj3k\n8dNlfVL0Yi8xDug/7GLkkmVaDivakXHH4GUNshHgHl4p5cbhTfWJvdVnDTF/e7R6\niGmLlv1Lfu5Rs2djUOp+rg/wybm5ikTguNfX88+8+Hq9MoOLjsw1/oxilYvQa3nr\nAgMBAAGjeDB2MA4GA1UdDwEB/wQEAwIBBjATBgNVHSUEDDAKBggrBgEFBQcDATAP\nBgNVHRMBAf8EBTADAQH/MB0GA1UdDgQWBBQHRo/9rkWUQUzFYKIG1cHXsZS5RjAf\nBgNVHSMEGDAWgBQHRo/9rkWUQUzFYKIG1cHXsZS5RjANBgkqhkiG9w0BAQsFAAOC\nAgEAibK4vPck4Pd1WvxElREVz42sRLkhNhQ1odzem6zAG3g1CH1wXYUWLonJnx0A\nsH+zC3+za77RIQnLrdhob2dpk7dB6FTl3JRJCzLS66CnaAWawue6dJ1OI/4IYaeo\navFBgPkdUxdwNfLlqVcQbOVby3NRB7aER6byOtKtbSeq1j/s3JGHfhn1ryhqBtpk\nQoTwsMrvzEYulzhN2FXNluYgmD6D+EjLbqIni1cAZIoaZi7vvI8Bad2IU6bUEyLs\nJDl7WNWnjKcDSbxsSw26Nkbh+S68AaavdqQKTAlqe5HySnB8GAmzPMTlE2LaGqKC\neLAykBw3ZUFjsyVcZhQn454gDFHlec54xWu+ADuK3IvKqyJ3RpQZNTjdrerU3lEC\n6GxTW1tV0w7YJjQXyh8hItYR2mq3U51wLiAGKY+9G8YdFVZlJgYcTZETG0Z3/JTS\nXVvmMYOktNf1stnEXTTDSczWJXhiTubkxkSGwjA4Jg0v1zh2cO111J2Nw3xcFODQ\n9gmms7vMZoBq9vuzCIxodI+IF7bLIERGJuA40tISTycPa9qllerEdi5BMeN2eXyl\nW5l4QHXG+fJ7DQf7BcsBIgky8eCXTDsfQWNUOYyHFFJ4C1ltH1NAG5kTMQOl4F3N\nPZZcDhu6lJ2jG6hvoCuyIQV2Z5FuDtOJGU7WcsnRTdsvGxc=\n-----END CERTIFICATE-----\n"
            ],
            "pem_csr": "-----BEGIN CERTIFICATE REQUEST-----\nMIICeTCCAWECAQAwNDEbMBkGA1UEChMSQUNNRSBFeGFtcGxlcywgSW5jMRUwEwYD\nVQQDEwxhYmlzaGFpZXAuaW8wggEiMA0GCSqGSIb3DQEBAQUAA4IBDwAwggEKAoIB\nAQCqVCD/c9p6qwozVIFGaxMML9x8lfIkPqLYxYTlrK6xX5FkwhVSg1umuCGf4nQC\nQFDjwmclvRoYR8LbRAP+qBOlsNv/TnOQMKrljxyC2JA+6ojuUWzckYvl2q4It4TD\njkFAHEIbZPoCrC8Ff5whUuXu8ZqZcL1EDuFxQEWXuWglw8x9OVKvfDvSXLj0XPNM\n+Z2eCXnDnt8Sf0fnttyLDW2noHuf+LWi7z1u48f+wVy6aYio9SA0Ww2jk5QxoVYz\nWyhOQ5mD7m7JcbcWosvv0rb2BYcQMxT1TllB67Z+j96KbsE6nF4scfXfUago5s94\nDP59mq4O08JOircA7guglMGJAgMBAAGgADANBgkqhkiG9w0BAQsFAAOCAQEAZvB2\ntCKqkgsUksLtZnNBP4R8fJfFbLmRggTqqXH0ZKL1I9fPiordqeZVEaCHpGIyzk0+\n4imqTL5gLKI7qGwrBDTT9YiEA1ZZSc3pnlfmMfhzm7zTcmPidJVPQURtxjw/W1Xo\n4AEVmKFAGbaJgtMNd57FV816UELqWtmkY5NLK+yxJkzydcT7MI7ylL+1GEhBQV8x\nuU+Ti6Z6e9+Qi9HLbSYihJw4XY3w6MvCxkL8kP1WmoCf2ZuHeV3UouN2rIjsDzF6\nkS8JKB4pdDWmdSwnrRK4GZ37sCMvcr6XzbqycZ7eMhuDqOfb8GHFfU0jehh9D93a\ndclq0m47V9wz+LKRvA==\n-----END CERTIFICATE REQUEST-----\n",
            "pool": "my-ca-b-pool",
            "project": "humble-being-293400",
            "revocation_details": [],
            "terraform_labels": {},
            "timeouts": null,
            "update_time": "2023-10-20T04:26:47.965220460Z"
          },
          "sensitive_attributes": [],
          "private": "eyJlMmJmYjczMC1lY2FhLTExZTYtOGY4OC0zNDM2M2JjN2M0YzAiOnsiY3JlYXRlIjoxMjAwMDAwMDAwMDAwLCJkZWxldGUiOjEyMDAwMDAwMDAwMDAsInVwZGF0ZSI6MTIwMDAwMDAwMDAwMH19",
          "dependencies": [
            "google_privateca_ca_pool.default",
            "google_privateca_certificate_authority.test_ca",
            "tls_cert_request.example",
            "tls_private_key.example"
          ]
        }
      ]
    },
    {
      "mode": "managed",
      "type": "google_privateca_certificate_authority",
      "name": "test_ca",
      "provider": "provider[\"registry.terraform.io/hashicorp/google\"]",
      "instances": [
        {
          "schema_version": 0,
          "attributes": {
            "access_urls": [
              {
                "ca_certificate_access_url": "http://privateca-content-65301b79-0000-21c0-87a4-2405887aa808.storage.googleapis.com/c5bd0a7f5d3899b35dd4/ca.crt",
                "crl_access_urls": [
                  "http://privateca-content-65301b79-0000-21c0-87a4-2405887aa808.storage.googleapis.com/c5bd0a7f5d3899b35dd4/crl.crl"
                ]
              }
            ],
            "certificate_authority_id": "my-authority",
            "config": [
              {
                "subject_config": [
                  {
                    "subject": [
                      {
                        "common_name": "my-certificate-rearc-authority",
                        "country_code": "us",
                        "locality": "mountain view",
                        "organization": "rearc",
                        "organizational_unit": "enterprise",
                        "postal_code": "94109",
                        "province": "california",
                        "street_address": "1600 amphitheatre parkway"
                      }
                    ],
                    "subject_alt_name": []
                  }
                ],
                "x509_config": [
                  {
                    "additional_extensions": [],
                    "aia_ocsp_servers": [],
                    "ca_options": [
                      {
                        "is_ca": true,
                        "max_issuer_path_length": 0,
                        "non_ca": false,
                        "zero_max_issuer_path_length": false
                      }
                    ],
                    "key_usage": [
                      {
                        "base_key_usage": [
                          {
                            "cert_sign": true,
                            "content_commitment": false,
                            "crl_sign": true,
                            "data_encipherment": false,
                            "decipher_only": false,
                            "digital_signature": false,
                            "encipher_only": false,
                            "key_agreement": false,
                            "key_encipherment": false
                          }
                        ],
                        "extended_key_usage": [
                          {
                            "client_auth": false,
                            "code_signing": false,
                            "email_protection": false,
                            "ocsp_signing": false,
                            "server_auth": true,
                            "time_stamping": false
                          }
                        ],
                        "unknown_extended_key_usages": []
                      }
                    ],
                    "name_constraints": [],
                    "policy_ids": []
                  }
                ]
              }
            ],
            "create_time": "2023-10-20T04:26:36.574181742Z",
            "deletion_protection": false,
            "desired_state": null,
            "effective_labels": {},
            "gcs_bucket": "",
            "id": "projects/humble-being-293400/locations/us-central1/caPools/my-ca-b-pool/certificateAuthorities/my-authority",
            "ignore_active_certificates_on_deletion": true,
            "key_spec": [
              {
                "algorithm": "RSA_PKCS1_4096_SHA256",
                "cloud_kms_key_version": ""
              }
            ],
            "labels": {},
            "lifetime": "315360000s",
            "location": "us-central1",
            "name": "projects/humble-being-293400/locations/us-central1/caPools/my-ca-b-pool/certificateAuthorities/my-authority",
            "pem_ca_certificate": null,
            "pem_ca_certificates": [
              "-----BEGIN CERTIFICATE-----\nMIIGfzCCBGegAwIBAgITWgXaXCRYtJbZbclNOcV6vZ97cjANBgkqhkiG9w0BAQsF\nADCBvDELMAkGA1UEBhMCdXMxEzARBgNVBAgTCmNhbGlmb3JuaWExFjAUBgNVBAcT\nDW1vdW50YWluIHZpZXcxIjAgBgNVBAkTGTE2MDAgYW1waGl0aGVhdHJlIHBhcmt3\nYXkxDjAMBgNVBBETBTk0MTA5MQ4wDAYDVQQKEwVyZWFyYzETMBEGA1UECxMKZW50\nZXJwcmlzZTEnMCUGA1UEAxMebXktY2VydGlmaWNhdGUtcmVhcmMtYXV0aG9yaXR5\nMB4XDTIzMTAyMDA0MjYzNloXDTMzMTAxNzA0MjYzNVowgbwxCzAJBgNVBAYTAnVz\nMRMwEQYDVQQIEwpjYWxpZm9ybmlhMRYwFAYDVQQHEw1tb3VudGFpbiB2aWV3MSIw\nIAYDVQQJExkxNjAwIGFtcGhpdGhlYXRyZSBwYXJrd2F5MQ4wDAYDVQQREwU5NDEw\nOTEOMAwGA1UEChMFcmVhcmMxEzARBgNVBAsTCmVudGVycHJpc2UxJzAlBgNVBAMT\nHm15LWNlcnRpZmljYXRlLXJlYXJjLWF1dGhvcml0eTCCAiIwDQYJKoZIhvcNAQEB\nBQADggIPADCCAgoCggIBAKpQ9v5u9WevuXEUz+8rRmWVgaOW0E3z6x1VXSLfvsGx\nC4hydhFX/CPD0XATzj4yq6KAQrkNIIcRqTq46e14MUhHFD/Nb/71Xbzl9wsnEvbj\nH9tipimaeZiRvdy5d+4FFuMcmjWd02w93hZijIAoFacm76WH2qo0PtkCjHxmnw/T\n/aHubKNL2CnmIT3MWz9bAnULNU75i5tG3ySDKkM1a44o6yAMUgxLCx8zDwjqr9pK\nUKa+0hYnlfU7PJbfOfxJLnIaQ7pX/OvfKpKj/tu8E5LIH/AgBTAWxg1FchM2wZKB\n7Hy41YZ6ADqfIUQFURN8tCfZYYn8Azezayzr5sKXw/6r+F/8Ne8s5eTmlzX/5l6E\nYbGJavXNp5VhPXYeyr3pI3Cb1K0sjfdgvms2DUssvmAwBHZIeYUF6A2xuNz/SSxi\nLvR8K5Wm8NIlniRzzlABZ5UQ1eBS7Ec4uCv/9Fr/MAa2VVH6YnFVhfasOJz+oShw\nqnQ426O+gzwBXg2LER9nOsC/v0OrEvOoGuJeYUNDii5pQ3aeO1i0yopPs4QBWj3k\n8dNlfVL0Yi8xDug/7GLkkmVaDivakXHH4GUNshHgHl4p5cbhTfWJvdVnDTF/e7R6\niGmLlv1Lfu5Rs2djUOp+rg/wybm5ikTguNfX88+8+Hq9MoOLjsw1/oxilYvQa3nr\nAgMBAAGjeDB2MA4GA1UdDwEB/wQEAwIBBjATBgNVHSUEDDAKBggrBgEFBQcDATAP\nBgNVHRMBAf8EBTADAQH/MB0GA1UdDgQWBBQHRo/9rkWUQUzFYKIG1cHXsZS5RjAf\nBgNVHSMEGDAWgBQHRo/9rkWUQUzFYKIG1cHXsZS5RjANBgkqhkiG9w0BAQsFAAOC\nAgEAibK4vPck4Pd1WvxElREVz42sRLkhNhQ1odzem6zAG3g1CH1wXYUWLonJnx0A\nsH+zC3+za77RIQnLrdhob2dpk7dB6FTl3JRJCzLS66CnaAWawue6dJ1OI/4IYaeo\navFBgPkdUxdwNfLlqVcQbOVby3NRB7aER6byOtKtbSeq1j/s3JGHfhn1ryhqBtpk\nQoTwsMrvzEYulzhN2FXNluYgmD6D+EjLbqIni1cAZIoaZi7vvI8Bad2IU6bUEyLs\nJDl7WNWnjKcDSbxsSw26Nkbh+S68AaavdqQKTAlqe5HySnB8GAmzPMTlE2LaGqKC\neLAykBw3ZUFjsyVcZhQn454gDFHlec54xWu+ADuK3IvKqyJ3RpQZNTjdrerU3lEC\n6GxTW1tV0w7YJjQXyh8hItYR2mq3U51wLiAGKY+9G8YdFVZlJgYcTZETG0Z3/JTS\nXVvmMYOktNf1stnEXTTDSczWJXhiTubkxkSGwjA4Jg0v1zh2cO111J2Nw3xcFODQ\n9gmms7vMZoBq9vuzCIxodI+IF7bLIERGJuA40tISTycPa9qllerEdi5BMeN2eXyl\nW5l4QHXG+fJ7DQf7BcsBIgky8eCXTDsfQWNUOYyHFFJ4C1ltH1NAG5kTMQOl4F3N\nPZZcDhu6lJ2jG6hvoCuyIQV2Z5FuDtOJGU7WcsnRTdsvGxc=\n-----END CERTIFICATE-----\n"
            ],
            "pool": "my-ca-b-pool",
            "project": "humble-being-293400",
            "skip_grace_period": true,
            "state": "ENABLED",
            "subordinate_config": [],
            "terraform_labels": {},
            "timeouts": null,
            "type": "SELF_SIGNED",
            "update_time": "2023-10-20T04:26:47.337043779Z"
          },
          "sensitive_attributes": [],
          "private": "eyJlMmJmYjczMC1lY2FhLTExZTYtOGY4OC0zNDM2M2JjN2M0YzAiOnsiY3JlYXRlIjoxMjAwMDAwMDAwMDAwLCJkZWxldGUiOjEyMDAwMDAwMDAwMDAsInVwZGF0ZSI6MTIwMDAwMDAwMDAwMH19",
          "dependencies": [
            "google_privateca_ca_pool.default"
          ]
        }
      ]
    },
    {
      "mode": "managed",
      "type": "google_project_service",
      "name": "privateca_api",
      "provider": "provider[\"registry.terraform.io/hashicorp/google\"]",
      "instances": [
        {
          "schema_version": 0,
          "attributes": {
            "disable_dependent_services": null,
            "disable_on_destroy": false,
            "id": "humble-being-293400/privateca.googleapis.com",
            "project": "humble-being-293400",
            "service": "privateca.googleapis.com",
            "timeouts": null
          },
          "sensitive_attributes": [],
          "private": "eyJlMmJmYjczMC1lY2FhLTExZTYtOGY4OC0zNDM2M2JjN2M0YzAiOnsiY3JlYXRlIjoxMjAwMDAwMDAwMDAwLCJkZWxldGUiOjEyMDAwMDAwMDAwMDAsInJlYWQiOjYwMDAwMDAwMDAwMCwidXBkYXRlIjoxMjAwMDAwMDAwMDAwfX0="
        }
      ]
    },
    {
      "mode": "managed",
      "type": "kubernetes_deployment",
      "name": "quest",
      "provider": "provider[\"registry.terraform.io/hashicorp/kubernetes\"]",
      "instances": [
        {
          "schema_version": 1,
          "attributes": {
            "id": "default/quest-example",
            "metadata": [
              {
                "annotations": null,
                "generate_name": "",
                "generation": 1,
                "labels": {
                  "app": "quest",
                  "env": "humble-being-293400"
                },
                "name": "quest-example",
                "namespace": "default",
                "resource_version": "6198",
                "uid": "f3282152-cbca-4069-8d64-ab02437f74e5"
              }
            ],
            "spec": [
              {
                "min_ready_seconds": 0,
                "paused": false,
                "progress_deadline_seconds": 600,
                "replicas": "3",
                "revision_history_limit": 10,
                "selector": [
                  {
                    "match_expressions": [],
                    "match_labels": {
                      "app": "quest",
                      "env": "humble-being-293400"
                    }
                  }
                ],
                "strategy": [
                  {
                    "rolling_update": [
                      {
                        "max_surge": "25%",
                        "max_unavailable": "25%"
                      }
                    ],
                    "type": "RollingUpdate"
                  }
                ],
                "template": [
                  {
                    "metadata": [
                      {
                        "annotations": null,
                        "generate_name": "",
                        "generation": 0,
                        "labels": {
                          "app": "quest",
                          "env": "humble-being-293400"
                        },
                        "name": "",
                        "namespace": "",
                        "resource_version": "",
                        "uid": ""
                      }
                    ],
                    "spec": [
                      {
                        "active_deadline_seconds": 0,
                        "affinity": [],
                        "automount_service_account_token": true,
                        "container": [
                          {
                            "args": null,
                            "command": null,
                            "env": [],
                            "env_from": [],
                            "image": "us-central1-docker.pkg.dev/humble-being-293400/artifacts/abishaiep/quests:version1.0",
                            "image_pull_policy": "IfNotPresent",
                            "lifecycle": [],
                            "liveness_probe": [
                              {
                                "exec": [],
                                "failure_threshold": 3,
                                "grpc": [],
                                "http_get": [
                                  {
                                    "host": "",
                                    "http_header": [
                                      {
                                        "name": "X-Custom-Header",
                                        "value": "Awesome"
                                      }
                                    ],
                                    "path": "/",
                                    "port": "80",
                                    "scheme": "HTTP"
                                  }
                                ],
                                "initial_delay_seconds": 3,
                                "period_seconds": 3,
                                "success_threshold": 1,
                                "tcp_socket": [],
                                "timeout_seconds": 1
                              }
                            ],
                            "name": "quest",
                            "port": [],
                            "readiness_probe": [],
                            "resources": [
                              {
                                "limits": {
                                  "cpu": "500m",
                                  "memory": "512Mi"
                                },
                                "requests": {
                                  "cpu": "250m",
                                  "memory": "50Mi"
                                }
                              }
                            ],
                            "security_context": [],
                            "startup_probe": [],
                            "stdin": false,
                            "stdin_once": false,
                            "termination_message_path": "/dev/termination-log",
                            "termination_message_policy": "File",
                            "tty": false,
                            "volume_mount": [],
                            "working_dir": ""
                          }
                        ],
                        "dns_config": [],
                        "dns_policy": "ClusterFirst",
                        "enable_service_links": true,
                        "host_aliases": [],
                        "host_ipc": false,
                        "host_network": false,
                        "host_pid": false,
                        "hostname": "",
                        "image_pull_secrets": [],
                        "init_container": [],
                        "node_name": "",
                        "node_selector": null,
                        "priority_class_name": "",
                        "readiness_gate": [],
                        "restart_policy": "Always",
                        "runtime_class_name": "",
                        "scheduler_name": "default-scheduler",
                        "security_context": [],
                        "service_account_name": "",
                        "share_process_namespace": false,
                        "subdomain": "",
                        "termination_grace_period_seconds": 30,
                        "toleration": [],
                        "topology_spread_constraint": [],
                        "volume": []
                      }
                    ]
                  }
                ]
              }
            ],
            "timeouts": null,
            "wait_for_rollout": true
          },
          "sensitive_attributes": [],
          "private": "eyJlMmJmYjczMC1lY2FhLTExZTYtOGY4OC0zNDM2M2JjN2M0YzAiOnsiY3JlYXRlIjo2MDAwMDAwMDAwMDAsImRlbGV0ZSI6NjAwMDAwMDAwMDAwLCJ1cGRhdGUiOjYwMDAwMDAwMDAwMH0sInNjaGVtYV92ZXJzaW9uIjoiMSJ9",
          "dependencies": [
            "null_resource.kube-context"
          ]
        }
      ]
    },
    {
      "mode": "managed",
      "type": "kubernetes_pod",
      "name": "quest",
      "provider": "provider[\"registry.terraform.io/hashicorp/kubernetes\"]",
      "instances": [
        {
          "schema_version": 1,
          "attributes": {
            "id": "default/quest-example",
            "metadata": [
              {
                "annotations": null,
                "generate_name": "",
                "generation": 0,
                "labels": {
                  "app": "quest",
                  "env": "humble-being-293400"
                },
                "name": "quest-example",
                "namespace": "default",
                "resource_version": "6181",
                "uid": "932c8513-5cdb-45bf-afdd-f874e9c3248b"
              }
            ],
            "spec": [
              {
                "active_deadline_seconds": 0,
                "affinity": [],
                "automount_service_account_token": true,
                "container": [
                  {
                    "args": null,
                    "command": null,
                    "env": [],
                    "env_from": [],
                    "image": "us-central1-docker.pkg.dev/humble-being-293400/artifacts/abishaiep/quests:version1.0",
                    "image_pull_policy": "IfNotPresent",
                    "lifecycle": [],
                    "liveness_probe": [],
                    "name": "quest",
                    "port": [],
                    "readiness_probe": [],
                    "resources": [
                      {
                        "limits": {},
                        "requests": {}
                      }
                    ],
                    "security_context": [],
                    "startup_probe": [],
                    "stdin": false,
                    "stdin_once": false,
                    "termination_message_path": "/dev/termination-log",
                    "termination_message_policy": "File",
                    "tty": false,
                    "volume_mount": [],
                    "working_dir": ""
                  }
                ],
                "dns_config": [],
                "dns_policy": "ClusterFirst",
                "enable_service_links": true,
                "host_aliases": [],
                "host_ipc": false,
                "host_network": false,
                "host_pid": false,
                "hostname": "",
                "image_pull_secrets": [],
                "init_container": [],
                "node_name": "gke-my-rearcs-cluste-my-node-rearc-po-b9735a11-3m22",
                "node_selector": null,
                "priority_class_name": "",
                "readiness_gate": [],
                "restart_policy": "Always",
                "runtime_class_name": "",
                "scheduler_name": "default-scheduler",
                "security_context": [],
                "service_account_name": "default",
                "share_process_namespace": false,
                "subdomain": "",
                "termination_grace_period_seconds": 30,
                "toleration": [],
                "topology_spread_constraint": [],
                "volume": []
              }
            ],
            "target_state": null,
            "timeouts": null
          },
          "sensitive_attributes": [],
          "private": "eyJlMmJmYjczMC1lY2FhLTExZTYtOGY4OC0zNDM2M2JjN2M0YzAiOnsiY3JlYXRlIjozMDAwMDAwMDAwMDAsImRlbGV0ZSI6MzAwMDAwMDAwMDAwfSwic2NoZW1hX3ZlcnNpb24iOiIxIn0="
        }
      ]
    },
    {
      "mode": "managed",
      "type": "kubernetes_service",
      "name": "quest",
      "provider": "provider[\"registry.terraform.io/hashicorp/kubernetes\"]",
      "instances": [
        {
          "schema_version": 1,
          "attributes": {
            "id": "default/quest-example",
            "metadata": [
              {
                "annotations": {
                  "cloud.google.com/neg": "{\"ingress\":true}"
                },
                "generate_name": "",
                "generation": 0,
                "labels": null,
                "name": "quest-example",
                "namespace": "default",
                "resource_version": "6598",
                "uid": "5e97b112-4e36-47bc-9466-3386feb808e5"
              }
            ],
            "spec": [
              {
                "allocate_load_balancer_node_ports": true,
                "cluster_ip": "10.80.11.11",
                "cluster_ips": [
                  "10.80.11.11"
                ],
                "external_ips": null,
                "external_name": "",
                "external_traffic_policy": "Cluster",
                "health_check_node_port": 0,
                "internal_traffic_policy": "Cluster",
                "ip_families": [
                  "IPv4"
                ],
                "ip_family_policy": "SingleStack",
                "load_balancer_class": "",
                "load_balancer_ip": "",
                "load_balancer_source_ranges": null,
                "port": [
                  {
                    "app_protocol": "",
                    "name": "",
                    "node_port": 31508,
                    "port": 3000,
                    "protocol": "TCP",
                    "target_port": "3000"
                  }
                ],
                "publish_not_ready_addresses": false,
                "selector": {
                  "app": "quest"
                },
                "session_affinity": "ClientIP",
                "session_affinity_config": [
                  {
                    "client_ip": [
                      {
                        "timeout_seconds": 10800
                      }
                    ]
                  }
                ],
                "type": "LoadBalancer"
              }
            ],
            "status": [
              {
                "load_balancer": [
                  {
                    "ingress": [
                      {
                        "hostname": "",
                        "ip": "35.222.146.139"
                      }
                    ]
                  }
                ]
              }
            ],
            "timeouts": null,
            "wait_for_load_balancer": true
          },
          "sensitive_attributes": [],
          "private": "eyJlMmJmYjczMC1lY2FhLTExZTYtOGY4OC0zNDM2M2JjN2M0YzAiOnsiY3JlYXRlIjo2MDAwMDAwMDAwMDB9LCJzY2hlbWFfdmVyc2lvbiI6IjEifQ==",
          "dependencies": [
            "kubernetes_pod.quest"
          ]
        }
      ]
    },
    {
      "mode": "managed",
      "type": "null_resource",
      "name": "docker-registry",
      "provider": "provider[\"registry.terraform.io/hashicorp/null\"]",
      "instances": [
        {
          "schema_version": 0,
          "attributes": {
            "id": "3015625637921156813",
            "triggers": null
          },
          "sensitive_attributes": [],
          "dependencies": [
            "google_artifact_registry_repository.my-repo"
          ]
        }
      ]
    },
    {
      "mode": "managed",
      "type": "null_resource",
      "name": "kube-context",
      "provider": "provider[\"registry.terraform.io/hashicorp/null\"]",
      "instances": [
        {
          "schema_version": 0,
          "attributes": {
            "id": "4639514970875438639",
            "triggers": null
          },
          "sensitive_attributes": [],
          "dependencies": [
            "google_compute_network.vpc",
            "google_compute_subnetwork.subnet",
            "google_container_cluster.my-rearcs-cluster",
            "google_container_node_pool.my-node-rearc-pool"
          ]
        }
      ]
    },
    {
      "mode": "managed",
      "type": "tls_cert_request",
      "name": "example",
      "provider": "provider[\"registry.terraform.io/hashicorp/tls\"]",
      "instances": [
        {
          "schema_version": 0,
          "attributes": {
            "cert_request_pem": "-----BEGIN CERTIFICATE REQUEST-----\nMIICeTCCAWECAQAwNDEbMBkGA1UEChMSQUNNRSBFeGFtcGxlcywgSW5jMRUwEwYD\nVQQDEwxhYmlzaGFpZXAuaW8wggEiMA0GCSqGSIb3DQEBAQUAA4IBDwAwggEKAoIB\nAQCqVCD/c9p6qwozVIFGaxMML9x8lfIkPqLYxYTlrK6xX5FkwhVSg1umuCGf4nQC\nQFDjwmclvRoYR8LbRAP+qBOlsNv/TnOQMKrljxyC2JA+6ojuUWzckYvl2q4It4TD\njkFAHEIbZPoCrC8Ff5whUuXu8ZqZcL1EDuFxQEWXuWglw8x9OVKvfDvSXLj0XPNM\n+Z2eCXnDnt8Sf0fnttyLDW2noHuf+LWi7z1u48f+wVy6aYio9SA0Ww2jk5QxoVYz\nWyhOQ5mD7m7JcbcWosvv0rb2BYcQMxT1TllB67Z+j96KbsE6nF4scfXfUago5s94\nDP59mq4O08JOircA7guglMGJAgMBAAGgADANBgkqhkiG9w0BAQsFAAOCAQEAZvB2\ntCKqkgsUksLtZnNBP4R8fJfFbLmRggTqqXH0ZKL1I9fPiordqeZVEaCHpGIyzk0+\n4imqTL5gLKI7qGwrBDTT9YiEA1ZZSc3pnlfmMfhzm7zTcmPidJVPQURtxjw/W1Xo\n4AEVmKFAGbaJgtMNd57FV816UELqWtmkY5NLK+yxJkzydcT7MI7ylL+1GEhBQV8x\nuU+Ti6Z6e9+Qi9HLbSYihJw4XY3w6MvCxkL8kP1WmoCf2ZuHeV3UouN2rIjsDzF6\nkS8JKB4pdDWmdSwnrRK4GZ37sCMvcr6XzbqycZ7eMhuDqOfb8GHFfU0jehh9D93a\ndclq0m47V9wz+LKRvA==\n-----END CERTIFICATE REQUEST-----\n",
            "dns_names": null,
            "id": "3df86c5e80ca0799ee97322b1d4db5d263f78b4a",
            "ip_addresses": null,
            "key_algorithm": "RSA",
            "private_key_pem": "-----BEGIN RSA PRIVATE KEY-----\nMIIEowIBAAKCAQEAqlQg/3PaeqsKM1SBRmsTDC/cfJXyJD6i2MWE5ayusV+RZMIV\nUoNbprghn+J0AkBQ48JnJb0aGEfC20QD/qgTpbDb/05zkDCq5Y8cgtiQPuqI7lFs\n3JGL5dquCLeEw45BQBxCG2T6AqwvBX+cIVLl7vGamXC9RA7hcUBFl7loJcPMfTlS\nr3w70ly49FzzTPmdngl5w57fEn9H57bciw1tp6B7n/i1ou89buPH/sFcummIqPUg\nNFsNo5OUMaFWM1soTkOZg+5uyXG3FqLL79K29gWHEDMU9U5ZQeu2fo/eim7BOpxe\nLHH131GoKObPeAz+fZquDtPCToq3AO4LoJTBiQIDAQABAoIBAQCOV8pP0ZEHLMNU\njE2Q/NCpQaJAl8sJUTMkd0UN79b6MoS+MJhDIbXJSV4IUOZkLz2qaX9sAXG6UtZc\nCaZQ/kOVF41y+iwHlzRqrcPE8Zjyi2wtxex1FElWqP8CF+QizVJocnUokaWB8EVH\nkhJ3ouC3ZD+v9ZCmPM1YqL7AAlkwHOlPIrP/S/BF2CwFuSMu10oSN2eNANU7c0jt\nV1Ld86ZDx6kJNCB2ywRCTCuqydoULRfM5dccXXGMj71ANFMEUskGAkyukXpYixOr\npcb2m8vSxm/poyG0Uzv11Tge7FIQsjuIkAiRy+qWSiLo4oet9jOscyjDsH0um3Bd\n7mfHhHkBAoGBAM4+RyCJ9WoZD+2vkS/Rf1MYFxNj2FDOoQmLhj1negXhJNOuCVz+\nCCvIzgI+lvJQNjmg1AXmFIf51EnN/uDZQwWJkZEd76v4/PvivXUqBhEuOJBdRCu0\n2N3OAMKPxKPnOTNfTwJ7KO+ftZEMH6XLl5IWfRLP5/86ON2e9tJHBsuhAoGBANNr\nvRi7q7zmwRfETVUM4mw+u8rmVYJ4iMsPLB6TDqOX61KvHLXw69KEkujhx6o7M2XL\nh8CX5CP0PP1LKG264PNrfe+Vde8oeTLi5Rtop022LYKf8R2iFrd1pqw2KDn+D03k\nOPgDBmWa+1ldNZ7MAVi9ey/nbbM4LVbaxCaQjezpAoGAbNaOwIwtV708G6mwC7UZ\n5SbsXo4tRI+Wiiv4PoVR7rJetdq9FDb25uxEUwjmrZ9IzmaiHS7LHOrpbb1oyQ2+\ngbiUeil7JpzyHJcOdjskEoL61KxzYkFAxOSGoCYwlnJaTFL6pguKkdINhisItHzZ\nUv3NKVVQT+9QvRu7k0JqQqECgYAsetJBzdoH2BRvx6Dtb9SDKX+g5GzBElLVRc/m\nbtH5oRClSKolrRYwKCwwSrATJHlfxT4+SrZ4yf263IEY9OQ20jqgmTVCp6U4C3xg\nE9h/BQD2Jmg3784PsvTp7krwSH83x/gkVZ6W6dBPsMiDLDBsVxD/txThS8ReLZBu\n/KKfYQKBgF4YQH7sYEO6KPVUCekrUWN04rckW0yrBxkwFQ7HMCA2lpZmeRNYjYMr\nuXpzSje5IZQYzOX8+0cNP/op/RoDWrq/LxEC+AsIY7dvu6Z4jHQ3hxpLjSJ0jHLx\n+7bZMQcFCcXKSGLLIeGQo7W/CJeRjlNbtVQT4xERpN38fleBV9Zp\n-----END RSA PRIVATE KEY-----\n",
            "subject": [
              {
                "common_name": "abishaiep.io",
                "country": null,
                "locality": null,
                "organization": "ACME Examples, Inc",
                "organizational_unit": null,
                "postal_code": null,
                "province": null,
                "serial_number": null,
                "street_address": null
              }
            ],
            "uris": null
          },
          "sensitive_attributes": [
            [
              {
                "type": "get_attr",
                "value": "private_key_pem"
              }
            ]
          ],
          "dependencies": [
            "tls_private_key.example"
          ]
        }
      ]
    },
    {
      "mode": "managed",
      "type": "tls_private_key",
      "name": "example",
      "provider": "provider[\"registry.terraform.io/hashicorp/tls\"]",
      "instances": [
        {
          "schema_version": 1,
          "attributes": {
            "algorithm": "RSA",
            "ecdsa_curve": "P224",
            "id": "4ca7612831847f17b1113bdcc9ab73f2efdf28a3",
            "private_key_openssh": "-----BEGIN OPENSSH PRIVATE KEY-----\nb3BlbnNzaC1rZXktdjEAAAAABG5vbmUAAAAEbm9uZQAAAAAAAAABAAABFwAAAAdz\nc2gtcnNhAAAAAwEAAQAAAQEAqlQg/3PaeqsKM1SBRmsTDC/cfJXyJD6i2MWE5ayu\nsV+RZMIVUoNbprghn+J0AkBQ48JnJb0aGEfC20QD/qgTpbDb/05zkDCq5Y8cgtiQ\nPuqI7lFs3JGL5dquCLeEw45BQBxCG2T6AqwvBX+cIVLl7vGamXC9RA7hcUBFl7lo\nJcPMfTlSr3w70ly49FzzTPmdngl5w57fEn9H57bciw1tp6B7n/i1ou89buPH/sFc\nummIqPUgNFsNo5OUMaFWM1soTkOZg+5uyXG3FqLL79K29gWHEDMU9U5ZQeu2fo/e\nim7BOpxeLHH131GoKObPeAz+fZquDtPCToq3AO4LoJTBiQAAA7jIBJD3yASQ9wAA\nAAdzc2gtcnNhAAABAQCqVCD/c9p6qwozVIFGaxMML9x8lfIkPqLYxYTlrK6xX5Fk\nwhVSg1umuCGf4nQCQFDjwmclvRoYR8LbRAP+qBOlsNv/TnOQMKrljxyC2JA+6oju\nUWzckYvl2q4It4TDjkFAHEIbZPoCrC8Ff5whUuXu8ZqZcL1EDuFxQEWXuWglw8x9\nOVKvfDvSXLj0XPNM+Z2eCXnDnt8Sf0fnttyLDW2noHuf+LWi7z1u48f+wVy6aYio\n9SA0Ww2jk5QxoVYzWyhOQ5mD7m7JcbcWosvv0rb2BYcQMxT1TllB67Z+j96KbsE6\nnF4scfXfUago5s94DP59mq4O08JOircA7guglMGJAAAAAwEAAQAAAQEAjlfKT9GR\nByzDVIxNkPzQqUGiQJfLCVEzJHdFDe/W+jKEvjCYQyG1yUleCFDmZC89qml/bAFx\nulLWXAmmUP5DlReNcvosB5c0aq3DxPGY8otsLcXsdRRJVqj/AhfkIs1SaHJ1KJGl\ngfBFR5ISd6Lgt2Q/r/WQpjzNWKi+wAJZMBzpTyKz/0vwRdgsBbkjLtdKEjdnjQDV\nO3NI7VdS3fOmQ8epCTQgdssEQkwrqsnaFC0XzOXXHF1xjI+9QDRTBFLJBgJMrpF6\nWIsTq6XG9pvL0sZv6aMhtFM79dU4HuxSELI7iJAIkcvqlkoi6OKHrfYzrHMow7B9\nLptwXe5nx4R5AQAAAIBeGEB+7GBDuij1VAnpK1FjdOK3JFtMqwcZMBUOxzAgNpaW\nZnkTWI2DK7l6c0o3uSGUGMzl/PtHDT/6Kf0aA1q6vy8RAvgLCGO3b7umeIx0N4ca\nS40idIxy8fu22TEHBQnFykhiyyHhkKO1vwiXkY5TW7VUE+MREaTd/H5XgVfWaQAA\nAIEAzj5HIIn1ahkP7a+RL9F/UxgXE2PYUM6hCYuGPWd6BeEk064JXP4IK8jOAj6W\n8lA2OaDUBeYUh/nUSc3+4NlDBYmRkR3vq/j8++K9dSoGES44kF1EK7TY3c4Awo/E\no+c5M19PAnso75+1kQwfpcuXkhZ9Es/n/zo43Z720kcGy6EAAACBANNrvRi7q7zm\nwRfETVUM4mw+u8rmVYJ4iMsPLB6TDqOX61KvHLXw69KEkujhx6o7M2XLh8CX5CP0\nPP1LKG264PNrfe+Vde8oeTLi5Rtop022LYKf8R2iFrd1pqw2KDn+D03kOPgDBmWa\n+1ldNZ7MAVi9ey/nbbM4LVbaxCaQjezpAAAAAAEC\n-----END OPENSSH PRIVATE KEY-----\n",
            "private_key_pem": "-----BEGIN RSA PRIVATE KEY-----\nMIIEowIBAAKCAQEAqlQg/3PaeqsKM1SBRmsTDC/cfJXyJD6i2MWE5ayusV+RZMIV\nUoNbprghn+J0AkBQ48JnJb0aGEfC20QD/qgTpbDb/05zkDCq5Y8cgtiQPuqI7lFs\n3JGL5dquCLeEw45BQBxCG2T6AqwvBX+cIVLl7vGamXC9RA7hcUBFl7loJcPMfTlS\nr3w70ly49FzzTPmdngl5w57fEn9H57bciw1tp6B7n/i1ou89buPH/sFcummIqPUg\nNFsNo5OUMaFWM1soTkOZg+5uyXG3FqLL79K29gWHEDMU9U5ZQeu2fo/eim7BOpxe\nLHH131GoKObPeAz+fZquDtPCToq3AO4LoJTBiQIDAQABAoIBAQCOV8pP0ZEHLMNU\njE2Q/NCpQaJAl8sJUTMkd0UN79b6MoS+MJhDIbXJSV4IUOZkLz2qaX9sAXG6UtZc\nCaZQ/kOVF41y+iwHlzRqrcPE8Zjyi2wtxex1FElWqP8CF+QizVJocnUokaWB8EVH\nkhJ3ouC3ZD+v9ZCmPM1YqL7AAlkwHOlPIrP/S/BF2CwFuSMu10oSN2eNANU7c0jt\nV1Ld86ZDx6kJNCB2ywRCTCuqydoULRfM5dccXXGMj71ANFMEUskGAkyukXpYixOr\npcb2m8vSxm/poyG0Uzv11Tge7FIQsjuIkAiRy+qWSiLo4oet9jOscyjDsH0um3Bd\n7mfHhHkBAoGBAM4+RyCJ9WoZD+2vkS/Rf1MYFxNj2FDOoQmLhj1negXhJNOuCVz+\nCCvIzgI+lvJQNjmg1AXmFIf51EnN/uDZQwWJkZEd76v4/PvivXUqBhEuOJBdRCu0\n2N3OAMKPxKPnOTNfTwJ7KO+ftZEMH6XLl5IWfRLP5/86ON2e9tJHBsuhAoGBANNr\nvRi7q7zmwRfETVUM4mw+u8rmVYJ4iMsPLB6TDqOX61KvHLXw69KEkujhx6o7M2XL\nh8CX5CP0PP1LKG264PNrfe+Vde8oeTLi5Rtop022LYKf8R2iFrd1pqw2KDn+D03k\nOPgDBmWa+1ldNZ7MAVi9ey/nbbM4LVbaxCaQjezpAoGAbNaOwIwtV708G6mwC7UZ\n5SbsXo4tRI+Wiiv4PoVR7rJetdq9FDb25uxEUwjmrZ9IzmaiHS7LHOrpbb1oyQ2+\ngbiUeil7JpzyHJcOdjskEoL61KxzYkFAxOSGoCYwlnJaTFL6pguKkdINhisItHzZ\nUv3NKVVQT+9QvRu7k0JqQqECgYAsetJBzdoH2BRvx6Dtb9SDKX+g5GzBElLVRc/m\nbtH5oRClSKolrRYwKCwwSrATJHlfxT4+SrZ4yf263IEY9OQ20jqgmTVCp6U4C3xg\nE9h/BQD2Jmg3784PsvTp7krwSH83x/gkVZ6W6dBPsMiDLDBsVxD/txThS8ReLZBu\n/KKfYQKBgF4YQH7sYEO6KPVUCekrUWN04rckW0yrBxkwFQ7HMCA2lpZmeRNYjYMr\nuXpzSje5IZQYzOX8+0cNP/op/RoDWrq/LxEC+AsIY7dvu6Z4jHQ3hxpLjSJ0jHLx\n+7bZMQcFCcXKSGLLIeGQo7W/CJeRjlNbtVQT4xERpN38fleBV9Zp\n-----END RSA PRIVATE KEY-----\n",
            "private_key_pem_pkcs8": "-----BEGIN PRIVATE KEY-----\nMIIEvQIBADANBgkqhkiG9w0BAQEFAASCBKcwggSjAgEAAoIBAQCqVCD/c9p6qwoz\nVIFGaxMML9x8lfIkPqLYxYTlrK6xX5FkwhVSg1umuCGf4nQCQFDjwmclvRoYR8Lb\nRAP+qBOlsNv/TnOQMKrljxyC2JA+6ojuUWzckYvl2q4It4TDjkFAHEIbZPoCrC8F\nf5whUuXu8ZqZcL1EDuFxQEWXuWglw8x9OVKvfDvSXLj0XPNM+Z2eCXnDnt8Sf0fn\nttyLDW2noHuf+LWi7z1u48f+wVy6aYio9SA0Ww2jk5QxoVYzWyhOQ5mD7m7JcbcW\nosvv0rb2BYcQMxT1TllB67Z+j96KbsE6nF4scfXfUago5s94DP59mq4O08JOircA\n7guglMGJAgMBAAECggEBAI5Xyk/RkQcsw1SMTZD80KlBokCXywlRMyR3RQ3v1voy\nhL4wmEMhtclJXghQ5mQvPappf2wBcbpS1lwJplD+Q5UXjXL6LAeXNGqtw8TxmPKL\nbC3F7HUUSVao/wIX5CLNUmhydSiRpYHwRUeSEnei4LdkP6/1kKY8zViovsACWTAc\n6U8is/9L8EXYLAW5Iy7XShI3Z40A1TtzSO1XUt3zpkPHqQk0IHbLBEJMK6rJ2hQt\nF8zl1xxdcYyPvUA0UwRSyQYCTK6ReliLE6ulxvaby9LGb+mjIbRTO/XVOB7sUhCy\nO4iQCJHL6pZKIujih632M6xzKMOwfS6bcF3uZ8eEeQECgYEAzj5HIIn1ahkP7a+R\nL9F/UxgXE2PYUM6hCYuGPWd6BeEk064JXP4IK8jOAj6W8lA2OaDUBeYUh/nUSc3+\n4NlDBYmRkR3vq/j8++K9dSoGES44kF1EK7TY3c4Awo/Eo+c5M19PAnso75+1kQwf\npcuXkhZ9Es/n/zo43Z720kcGy6ECgYEA02u9GLurvObBF8RNVQzibD67yuZVgniI\nyw8sHpMOo5frUq8ctfDr0oSS6OHHqjszZcuHwJfkI/Q8/Usobbrg82t975V17yh5\nMuLlG2inTbYtgp/xHaIWt3WmrDYoOf4PTeQ4+AMGZZr7WV01nswBWL17L+dtszgt\nVtrEJpCN7OkCgYBs1o7AjC1XvTwbqbALtRnlJuxeji1Ej5aKK/g+hVHusl612r0U\nNvbm7ERTCOatn0jOZqIdLssc6ultvWjJDb6BuJR6KXsmnPIclw52OyQSgvrUrHNi\nQUDE5IagJjCWclpMUvqmC4qR0g2GKwi0fNlS/c0pVVBP71C9G7uTQmpCoQKBgCx6\n0kHN2gfYFG/HoO1v1IMpf6DkbMESUtVFz+Zu0fmhEKVIqiWtFjAoLDBKsBMkeV/F\nPj5KtnjJ/brcgRj05DbSOqCZNUKnpTgLfGAT2H8FAPYmaDfvzg+y9OnuSvBIfzfH\n+CRVnpbp0E+wyIMsMGxXEP+3FOFLxF4tkG78op9hAoGAXhhAfuxgQ7oo9VQJ6StR\nY3TityRbTKsHGTAVDscwIDaWlmZ5E1iNgyu5enNKN7khlBjM5fz7Rw0/+in9GgNa\nur8vEQL4Cwhjt2+7pniMdDeHGkuNInSMcvH7ttkxBwUJxcpIYssh4ZCjtb8Il5GO\nU1u1VBPjERGk3fx+V4FX1mk=\n-----END PRIVATE KEY-----\n",
            "public_key_fingerprint_md5": "68:ff:dd:0e:29:30:a8:63:c3:bc:e5:6f:85:1c:0c:fa",
            "public_key_fingerprint_sha256": "SHA256:t1OjclkUE0o6jDAza6kM0nNf6DKHCwKv7S/1wfhrtIA",
            "public_key_openssh": "ssh-rsa AAAAB3NzaC1yc2EAAAADAQABAAABAQCqVCD/c9p6qwozVIFGaxMML9x8lfIkPqLYxYTlrK6xX5FkwhVSg1umuCGf4nQCQFDjwmclvRoYR8LbRAP+qBOlsNv/TnOQMKrljxyC2JA+6ojuUWzckYvl2q4It4TDjkFAHEIbZPoCrC8Ff5whUuXu8ZqZcL1EDuFxQEWXuWglw8x9OVKvfDvSXLj0XPNM+Z2eCXnDnt8Sf0fnttyLDW2noHuf+LWi7z1u48f+wVy6aYio9SA0Ww2jk5QxoVYzWyhOQ5mD7m7JcbcWosvv0rb2BYcQMxT1TllB67Z+j96KbsE6nF4scfXfUago5s94DP59mq4O08JOircA7guglMGJ\n",
            "public_key_pem": "-----BEGIN PUBLIC KEY-----\nMIIBIjANBgkqhkiG9w0BAQEFAAOCAQ8AMIIBCgKCAQEAqlQg/3PaeqsKM1SBRmsT\nDC/cfJXyJD6i2MWE5ayusV+RZMIVUoNbprghn+J0AkBQ48JnJb0aGEfC20QD/qgT\npbDb/05zkDCq5Y8cgtiQPuqI7lFs3JGL5dquCLeEw45BQBxCG2T6AqwvBX+cIVLl\n7vGamXC9RA7hcUBFl7loJcPMfTlSr3w70ly49FzzTPmdngl5w57fEn9H57bciw1t\np6B7n/i1ou89buPH/sFcummIqPUgNFsNo5OUMaFWM1soTkOZg+5uyXG3FqLL79K2\n9gWHEDMU9U5ZQeu2fo/eim7BOpxeLHH131GoKObPeAz+fZquDtPCToq3AO4LoJTB\niQIDAQAB\n-----END PUBLIC KEY-----\n",
            "rsa_bits": 2048
          },
          "sensitive_attributes": []
        }
      ]
    }
  ],
  "check_results": null
}
